{
  "requires": true,
  "lockfileVersion": 1,
  "dependencies": {
    "@syncfusion/ej2-angular-base": {
      "version": "19.3.43",
      "resolved": "https://registry.npmjs.org/@syncfusion/ej2-angular-base/-/ej2-angular-base-19.3.43.tgz",
      "integrity": "sha512-8EGf47J0HvqcUGWGKSrjl2Lu/r7ODXvp9w10n9qPOTqZjJzSrCkd9EepdHJrri6V35VffFaJ7g5yCJnDqeSfkQ==",
      "requires": {
        "@syncfusion/ej2-base": "~19.3.43",
        "@syncfusion/ej2-icons": "~19.3.43",
        "core-js": "^3.4.8",
        "reflect-metadata": "^0.1.9",
        "rxjs": "^6.5.4",
        "rxjs-compat": "^6.5.4",
        "zone.js": "^0.10.2"
      }
    },
    "@syncfusion/ej2-base": {
      "version": "19.3.43",
      "resolved": "https://registry.npmjs.org/@syncfusion/ej2-base/-/ej2-base-19.3.43.tgz",
      "integrity": "sha512-4cYDAwERBT0NzeUheN8t00gc3jwUpM+9ceBICNl15N9plhITN0r3BEDK/OSepFsP9WVFkDyYgV/wtP6sf/zuIA==",
      "requires": {
        "@syncfusion/ej2-icons": "~19.3.43"
      }
    },
    "@syncfusion/ej2-buttons": {
      "version": "19.3.43",
      "resolved": "https://registry.npmjs.org/@syncfusion/ej2-buttons/-/ej2-buttons-19.3.43.tgz",
      "integrity": "sha512-nQcFk1d5DRwmqy1reQBAfc+nEF0x3BMM/I9FGPwDlQiYVl4BUxocbZ+JkkhL9DBl0EtigaMArKlfaF/YsD4/OA==",
      "requires": {
        "@syncfusion/ej2-base": "~19.3.43"
      }
    },
    "@syncfusion/ej2-calendars": {
      "version": "19.3.43",
      "resolved": "https://registry.npmjs.org/@syncfusion/ej2-calendars/-/ej2-calendars-19.3.43.tgz",
      "integrity": "sha512-FQdrKDJ82UB6i43YsRRcLp5QyiTTH8Di3uuNAtyNoNvey685BATAdoTkg5GMbEX3j4lTV0l7cAslII2aEZnrXw==",
      "requires": {
        "@syncfusion/ej2-base": "~19.3.43",
        "@syncfusion/ej2-buttons": "~19.3.43",
        "@syncfusion/ej2-inputs": "~19.3.43",
        "@syncfusion/ej2-lists": "~19.3.43",
        "@syncfusion/ej2-popups": "~19.3.43"
      }
    },
    "@syncfusion/ej2-data": {
      "version": "19.3.43",
      "resolved": "https://registry.npmjs.org/@syncfusion/ej2-data/-/ej2-data-19.3.43.tgz",
      "integrity": "sha512-77csj7iXwloowmSfVQYKtyWm7LIxx7ZfudZ+Ql9R+D9uMdQfjgT2i6ZP0OZ/++nkSCTlr/sQFplQTQySXxWQug==",
      "requires": {
        "@syncfusion/ej2-base": "~19.3.43"
      }
    },
    "@syncfusion/ej2-icons": {
      "version": "19.3.43",
      "resolved": "https://registry.npmjs.org/@syncfusion/ej2-icons/-/ej2-icons-19.3.43.tgz",
      "integrity": "sha512-vWl6AlBEP4OEcXem/H7+zYKGNdqbbz/ddho0/l/U16Z1T6UWrKhIUizkekOgwVkSwqA0NFs+X2YgwSaM8YdZBA=="
    },
    "@syncfusion/ej2-inputs": {
      "version": "19.3.43",
      "resolved": "https://registry.npmjs.org/@syncfusion/ej2-inputs/-/ej2-inputs-19.3.43.tgz",
      "integrity": "sha512-hWZo3EMm2dqKCKz7wDfDktOZg+kR85HHyUooWx3JTPyg/4zml6AzMfSezZ98MyiRO3d8QR8f3l9D6K4QBWEA8Q==",
      "requires": {
        "@syncfusion/ej2-base": "~19.3.43",
        "@syncfusion/ej2-buttons": "~19.3.43",
        "@syncfusion/ej2-popups": "~19.3.43",
        "@syncfusion/ej2-splitbuttons": "~19.3.43"
      }
    },
    "@syncfusion/ej2-lists": {
      "version": "19.3.43",
      "resolved": "https://registry.npmjs.org/@syncfusion/ej2-lists/-/ej2-lists-19.3.43.tgz",
      "integrity": "sha512-kDUD19LDDPKMiwDkV75ChnZWOPjxQtSRW4ONSH1BbWUBQi+HEadqonnDeuVf+DRWTtTZhD2L5+GizU0F15C4Rg==",
      "requires": {
        "@syncfusion/ej2-base": "~19.3.43",
        "@syncfusion/ej2-buttons": "~19.3.43",
        "@syncfusion/ej2-data": "~19.3.43"
      }
    },
    "@syncfusion/ej2-popups": {
      "version": "19.3.43",
      "resolved": "https://registry.npmjs.org/@syncfusion/ej2-popups/-/ej2-popups-19.3.43.tgz",
      "integrity": "sha512-EvgTj4/SuQUjkvVjBccp8z98CY6woVy+LSglXtGDI1voVvx/37yyEsee02JH+GeWFcExl5i7UWN2EkXZ6JA5gg==",
      "requires": {
        "@syncfusion/ej2-base": "~19.3.43",
        "@syncfusion/ej2-buttons": "~19.3.43"
      }
    },
    "@syncfusion/ej2-splitbuttons": {
      "version": "19.3.43",
      "resolved": "https://registry.npmjs.org/@syncfusion/ej2-splitbuttons/-/ej2-splitbuttons-19.3.43.tgz",
      "integrity": "sha512-+T2U48b/L/8gbaiZcDovRVjzKx6PEoUCd4/T3u9oixjl3mKe3APlGhXzX3Lr4s1GsHfqCR1yyzRy5ejLli5tCQ==",
      "requires": {
        "@syncfusion/ej2-base": "~19.3.43",
        "@syncfusion/ej2-popups": "~19.3.43"
      }
    },
    "core-js": {
      "version": "3.18.1",
      "resolved": "https://registry.npmjs.org/core-js/-/core-js-3.18.1.tgz",
      "integrity": "sha512-vJlUi/7YdlCZeL6fXvWNaLUPh/id12WXj3MbkMw5uOyF0PfWPBNOCNbs53YqgrvtujLNlt9JQpruyIKkUZ+PKA=="
    },
    "reflect-metadata": {
      "version": "0.1.13",
      "resolved": "https://registry.npmjs.org/reflect-metadata/-/reflect-metadata-0.1.13.tgz",
      "integrity": "sha512-Ts1Y/anZELhSsjMcU605fU9RE4Oi3p5ORujwbIKXfWa+0Zxs510Qrmrce5/Jowq3cHSZSJqBjypxmHarc+vEWg=="
    },
    "rxjs": {
      "version": "6.6.7",
      "resolved": "https://registry.npmjs.org/rxjs/-/rxjs-6.6.7.tgz",
      "integrity": "sha512-hTdwr+7yYNIT5n4AMYp85KA6yw2Va0FLa3Rguvbpa4W3I5xynaBZo41cM3XM+4Q6fRMj3sBYIR1VAmZMXYJvRQ==",
      "requires": {
        "tslib": "^1.9.0"
      }
    },
    "rxjs-compat": {
      "version": "6.6.7",
      "resolved": "https://registry.npmjs.org/rxjs-compat/-/rxjs-compat-6.6.7.tgz",
      "integrity": "sha512-szN4fK+TqBPOFBcBcsR0g2cmTTUF/vaFEOZNuSdfU8/pGFnNmmn2u8SystYXG1QMrjOPBc6XTKHMVfENDf6hHw=="
    },
    "tslib": {
      "version": "1.14.1",
      "resolved": "https://registry.npmjs.org/tslib/-/tslib-1.14.1.tgz",
      "integrity": "sha512-Xni35NKzjgMrwevysHTCArtLDpPvye8zV/0E4EyYn43P7/7qvQwPh9BGkHewbMulVntbigmcT7rdX3BNo9wRJg=="
    },
    "zone.js": {
      "version": "0.10.3",
      "resolved": "https://registry.npmjs.org/zone.js/-/zone.js-0.10.3.tgz",
      "integrity": "sha512-LXVLVEq0NNOqK/fLJo3d0kfzd4sxwn2/h67/02pjCjfKDxgx1i9QqpvtHD8CrBnSSwMw5+dy11O7FRX5mkO7Cg=="
    }
  }
}
